
Microsoft Visual Studio Solution File, Format Version 11.00
# Visual Studio 2010
Project("{FAE04EC0-301F-11D3-BF4B-00C04F79EFBC}") = "PortableCongress", "PortableCongress\PortableCongress.csproj", "{FFDC76DD-571A-4326-9776-170A82AD7E44}"
EndProject
Project("{FAE04EC0-301F-11D3-BF4B-00C04F79EFBC}") = "iOSCongress", "iOSCongress\iOSCongress.csproj", "{9445501C-E899-4432-A694-33498C25CFEE}"
EndProject
Project("{FAE04EC0-301F-11D3-BF4B-00C04F79EFBC}") = "AndroidCongress", "AndroidCongress\AndroidCongress.csproj", "{6A94AC9A-7C4C-4DC5-8151-F42AB7211C30}"
EndProject
Project("{FAE04EC0-301F-11D3-BF4B-00C04F79EFBC}") = "PortableRazor", "..\..\PortableRazor.csproj", "{A083FFE5-5433-4772-8728-69FC16429801}"
EndProject
Global
	GlobalSection(SolutionConfigurationPlatforms) = preSolution
		Debug|Any CPU = Debug|Any CPU
		Release|Any CPU = Release|Any CPU
		Debug|iPhoneSimulator = Debug|iPhoneSimulator
		Release|iPhoneSimulator = Release|iPhoneSimulator
		Debug|iPhone = Debug|iPhone
		Release|iPhone = Release|iPhone
		Ad-Hoc|iPhone = Ad-Hoc|iPhone
		AppStore|iPhone = AppStore|iPhone
	EndGlobalSection
	GlobalSection(ProjectConfigurationPlatforms) = postSolution
		{6A94AC9A-7C4C-4DC5-8151-F42AB7211C30}.Ad-Hoc|iPhone.ActiveCfg = Release|Any CPU
		{6A94AC9A-7C4C-4DC5-8151-F42AB7211C30}.Ad-Hoc|iPhone.Build.0 = Release|Any CPU
		{6A94AC9A-7C4C-4DC5-8151-F42AB7211C30}.AppStore|iPhone.ActiveCfg = Release|Any CPU
		{6A94AC9A-7C4C-4DC5-8151-F42AB7211C30}.AppStore|iPhone.Build.0 = Release|Any CPU
		{6A94AC9A-7C4C-4DC5-8151-F42AB7211C30}.Debug|Any CPU.ActiveCfg = Debug|Any CPU
		{6A94AC9A-7C4C-4DC5-8151-F42AB7211C30}.Debug|Any CPU.Build.0 = Debug|Any CPU
		{6A94AC9A-7C4C-4DC5-8151-F42AB7211C30}.Debug|iPhone.ActiveCfg = Debug|Any CPU
		{6A94AC9A-7C4C-4DC5-8151-F42AB7211C30}.Debug|iPhone.Build.0 = Debug|Any CPU
		{6A94AC9A-7C4C-4DC5-8151-F42AB7211C30}.Debug|iPhoneSimulator.ActiveCfg = Debug|Any CPU
		{6A94AC9A-7C4C-4DC5-8151-F42AB7211C30}.Debug|iPhoneSimulator.Build.0 = Debug|Any CPU
		{6A94AC9A-7C4C-4DC5-8151-F42AB7211C30}.Release|Any CPU.ActiveCfg = Release|Any CPU
		{6A94AC9A-7C4C-4DC5-8151-F42AB7211C30}.Release|Any CPU.Build.0 = Release|Any CPU
		{6A94AC9A-7C4C-4DC5-8151-F42AB7211C30}.Release|iPhone.ActiveCfg = Release|Any CPU
		{6A94AC9A-7C4C-4DC5-8151-F42AB7211C30}.Release|iPhone.Build.0 = Release|Any CPU
		{6A94AC9A-7C4C-4DC5-8151-F42AB7211C30}.Release|iPhoneSimulator.ActiveCfg = Release|Any CPU
		{6A94AC9A-7C4C-4DC5-8151-F42AB7211C30}.Release|iPhoneSimulator.Build.0 = Release|Any CPU
		{9445501C-E899-4432-A694-33498C25CFEE}.Ad-Hoc|iPhone.ActiveCfg = Ad-Hoc|iPhone
		{9445501C-E899-4432-A694-33498C25CFEE}.Ad-Hoc|iPhone.Build.0 = Ad-Hoc|iPhone
		{9445501C-E899-4432-A694-33498C25CFEE}.AppStore|iPhone.ActiveCfg = AppStore|iPhone
		{9445501C-E899-4432-A694-33498C25CFEE}.AppStore|iPhone.Build.0 = AppStore|iPhone
		{9445501C-E899-4432-A694-33498C25CFEE}.Debug|Any CPU.ActiveCfg = Debug|iPhoneSimulator
		{9445501C-E899-4432-A694-33498C25CFEE}.Debug|Any CPU.Build.0 = Debug|iPhoneSimulator
		{9445501C-E899-4432-A694-33498C25CFEE}.Debug|iPhone.ActiveCfg = Debug|iPhone
		{9445501C-E899-4432-A694-33498C25CFEE}.Debug|iPhone.Build.0 = Debug|iPhone
		{9445501C-E899-4432-A694-33498C25CFEE}.Debug|iPhoneSimulator.ActiveCfg = Debug|iPhoneSimulator
		{9445501C-E899-4432-A694-33498C25CFEE}.Debug|iPhoneSimulator.Build.0 = Debug|iPhoneSimulator
		{9445501C-E899-4432-A694-33498C25CFEE}.Release|Any CPU.ActiveCfg = Release|iPhoneSimulator
		{9445501C-E899-4432-A694-33498C25CFEE}.Release|Any CPU.Build.0 = Release|iPhoneSimulator
		{9445501C-E899-4432-A694-33498C25CFEE}.Release|iPhone.ActiveCfg = Release|iPhone
		{9445501C-E899-4432-A694-33498C25CFEE}.Release|iPhone.Build.0 = Release|iPhone
		{9445501C-E899-4432-A694-33498C25CFEE}.Release|iPhoneSimulator.ActiveCfg = Release|iPhoneSimulator
		{9445501C-E899-4432-A694-33498C25CFEE}.Release|iPhoneSimulator.Build.0 = Release|iPhoneSimulator
		{A083FFE5-5433-4772-8728-69FC16429801}.Ad-Hoc|iPhone.ActiveCfg = Release|Any CPU
		{A083FFE5-5433-4772-8728-69FC16429801}.Ad-Hoc|iPhone.Build.0 = Release|Any CPU
		{A083FFE5-5433-4772-8728-69FC16429801}.AppStore|iPhone.ActiveCfg = Release|Any CPU
		{A083FFE5-5433-4772-8728-69FC16429801}.AppStore|iPhone.Build.0 = Release|Any CPU
		{A083FFE5-5433-4772-8728-69FC16429801}.Debug|Any CPU.ActiveCfg = Debug|Any CPU
		{A083FFE5-5433-4772-8728-69FC16429801}.Debug|Any CPU.Build.0 = Debug|Any CPU
		{A083FFE5-5433-4772-8728-69FC16429801}.Debug|iPhone.ActiveCfg = Debug|Any CPU
		{A083FFE5-5433-4772-8728-69FC16429801}.Debug|iPhone.Build.0 = Debug|Any CPU
		{A083FFE5-5433-4772-8728-69FC16429801}.Debug|iPhoneSimulator.ActiveCfg = Debug|Any CPU
		{A083FFE5-5433-4772-8728-69FC16429801}.Debug|iPhoneSimulator.Build.0 = Debug|Any CPU
		{A083FFE5-5433-4772-8728-69FC16429801}.Release|Any CPU.ActiveCfg = Release|Any CPU
		{A083FFE5-5433-4772-8728-69FC16429801}.Release|Any CPU.Build.0 = Release|Any CPU
		{A083FFE5-5433-4772-8728-69FC16429801}.Release|iPhone.ActiveCfg = Release|Any CPU
		{A083FFE5-5433-4772-8728-69FC16429801}.Release|iPhone.Build.0 = Release|Any CPU
		{A083FFE5-5433-4772-8728-69FC16429801}.Release|iPhoneSimulator.ActiveCfg = Release|Any CPU
		{A083FFE5-5433-4772-8728-69FC16429801}.Release|iPhoneSimulator.Build.0 = Release|Any CPU
		{FFDC76DD-571A-4326-9776-170A82AD7E44}.Ad-Hoc|iPhone.ActiveCfg = Debug|Any CPU
		{FFDC76DD-571A-4326-9776-170A82AD7E44}.Ad-Hoc|iPhone.Build.0 = Debug|Any CPU
		{FFDC76DD-571A-4326-9776-170A82AD7E44}.AppStore|iPhone.ActiveCfg = Debug|Any CPU
		{FFDC76DD-571A-4326-9776-170A82AD7E44}.AppStore|iPhone.Build.0 = Debug|Any CPU
		{FFDC76DD-571A-4326-9776-170A82AD7E44}.Debug|Any CPU.ActiveCfg = Debug|Any CPU
		{FFDC76DD-571A-4326-9776-170A82AD7E44}.Debug|Any CPU.Build.0 = Debug|Any CPU
		{FFDC76DD-571A-4326-9776-170A82AD7E44}.Debug|iPhone.ActiveCfg = Debug|Any CPU
		{FFDC76DD-571A-4326-9776-170A82AD7E44}.Debug|iPhone.Build.0 = Debug|Any CPU
		{FFDC76DD-571A-4326-9776-170A82AD7E44}.Debug|iPhoneSimulator.ActiveCfg = Debug|Any CPU
		{FFDC76DD-571A-4326-9776-170A82AD7E44}.Debug|iPhoneSimulator.Build.0 = Debug|Any CPU
		{FFDC76DD-571A-4326-9776-170A82AD7E44}.Release|Any CPU.ActiveCfg = Release|Any CPU
		{FFDC76DD-571A-4326-9776-170A82AD7E44}.Release|Any CPU.Build.0 = Release|Any CPU
		{FFDC76DD-571A-4326-9776-170A82AD7E44}.Release|iPhone.ActiveCfg = Release|Any CPU
		{FFDC76DD-571A-4326-9776-170A82AD7E44}.Release|iPhone.Build.0 = Release|Any CPU
		{FFDC76DD-571A-4326-9776-170A82AD7E44}.Release|iPhoneSimulator.ActiveCfg = Release|Any CPU
		{FFDC76DD-571A-4326-9776-170A82AD7E44}.Release|iPhoneSimulator.Build.0 = Release|Any CPU
	EndGlobalSection
	GlobalSection(MonoDevelopProperties) = preSolution
		StartupItem = iOSCongress\iOSCongress.csproj
	EndGlobalSection
EndGlobal
